{
  "dependencies": {
    "async": {
      "version": "0.9.0"
    },
    "chokidar": {
      "version": "0.8.2",
      "dependencies": {
        "fsevents": {
          "version": "0.2.0",
          "dependencies": {
            "nan": {
              "version": "0.8.0"
            }
          }
        },
        "recursive-readdir": {
          "version": "0.0.2"
        }
      }
    },
    "uglify-js": {
      "version": "2.4.14",
      "dependencies": {
        "async": {
          "version": "0.2.10"
        },
        "source-map": {
          "version": "0.1.34",
          "dependencies": {
            "amdefine": {
              "version": "0.1.0"
            }
          }
        },
        "optimist": {
          "version": "0.3.7",
          "dependencies": {
            "wordwrap": {
              "version": "0.0.2"
            }
          }
        },
        "uglify-to-browserify": {
          "version": "1.0.2"
        }
      }
    }
  }
}
